
Microsoft Visual Studio Solution File, Format Version 11.00
# Visual Studio 2010
Project("{FAE04EC0-301F-11D3-BF4B-00C04F79EFBC}") = "HurricaneVR.Framework", "HurricaneVR.Framework.csproj", "{6b20ce78-f3bf-eb1a-8f64-8898e156f911}"
EndProject
Project("{FAE04EC0-301F-11D3-BF4B-00C04F79EFBC}") = "Assembly-CSharp", "Assembly-CSharp.csproj", "{5576b374-1f76-4219-9632-5351e34b0c78}"
EndProject
Project("{FAE04EC0-301F-11D3-BF4B-00C04F79EFBC}") = "HurricaneVR.Editor", "HurricaneVR.Editor.csproj", "{017e08b0-c6f9-50c7-8bfe-d7919d28a4d9}"
EndProject
Project("{FAE04EC0-301F-11D3-BF4B-00C04F79EFBC}") = "Assembly-CSharp-Editor", "Assembly-CSharp-Editor.csproj", "{5a313dde-3528-6c88-1d23-9d81aa3ce284}"
EndProject
Global
	GlobalSection(SolutionConfigurationPlatforms) = preSolution
		Debug|Any CPU = Debug|Any CPU
	EndGlobalSection
	GlobalSection(ProjectConfigurationPlatforms) = postSolution
		{6b20ce78-f3bf-eb1a-8f64-8898e156f911}.Debug|Any CPU.ActiveCfg = Debug|Any CPU
		{6b20ce78-f3bf-eb1a-8f64-8898e156f911}.Debug|Any CPU.Build.0 = Debug|Any CPU
		{5576b374-1f76-4219-9632-5351e34b0c78}.Debug|Any CPU.ActiveCfg = Debug|Any CPU
		{5576b374-1f76-4219-9632-5351e34b0c78}.Debug|Any CPU.Build.0 = Debug|Any CPU
		{017e08b0-c6f9-50c7-8bfe-d7919d28a4d9}.Debug|Any CPU.ActiveCfg = Debug|Any CPU
		{017e08b0-c6f9-50c7-8bfe-d7919d28a4d9}.Debug|Any CPU.Build.0 = Debug|Any CPU
		{5a313dde-3528-6c88-1d23-9d81aa3ce284}.Debug|Any CPU.ActiveCfg = Debug|Any CPU
		{5a313dde-3528-6c88-1d23-9d81aa3ce284}.Debug|Any CPU.Build.0 = Debug|Any CPU
	EndGlobalSection
	GlobalSection(SolutionProperties) = preSolution
		HideSolutionNode = FALSE
	EndGlobalSection
EndGlobal
